
Microsoft Visual Studio Solution File, Format Version 12.00
# Visual Studio Version 17
VisualStudioVersion = 17.1.31911.260
MinimumVisualStudioVersion = 10.0.40219.1
Project("{FAE04EC0-301F-11D3-BF4B-00C04F79EFBC}") = "ModAPI", "CarboniteModAPI\ModAPI.csproj", "{E53B8803-B679-4265-A4F2-C1A7BCD9773A}"
EndProject
Project("{FAE04EC0-301F-11D3-BF4B-00C04F79EFBC}") = "BaseMod", "CarboniteBaseMod\BaseMod.csproj", "{CA5D8388-140D-4115-A539-0BBFC66FC4A0}"
EndProject
Global
	GlobalSection(SolutionConfigurationPlatforms) = preSolution
		Debug|Any CPU = Debug|Any CPU
		Release|Any CPU = Release|Any CPU
	EndGlobalSection
	GlobalSection(ProjectConfigurationPlatforms) = postSolution
		{E53B8803-B679-4265-A4F2-C1A7BCD9773A}.Debug|Any CPU.ActiveCfg = Debug|Any CPU
		{E53B8803-B679-4265-A4F2-C1A7BCD9773A}.Debug|Any CPU.Build.0 = Debug|Any CPU
		{E53B8803-B679-4265-A4F2-C1A7BCD9773A}.Release|Any CPU.ActiveCfg = Release|Any CPU
		{E53B8803-B679-4265-A4F2-C1A7BCD9773A}.Release|Any CPU.Build.0 = Release|Any CPU
		{CA5D8388-140D-4115-A539-0BBFC66FC4A0}.Debug|Any CPU.ActiveCfg = Debug|Any CPU
		{CA5D8388-140D-4115-A539-0BBFC66FC4A0}.Debug|Any CPU.Build.0 = Debug|Any CPU
		{CA5D8388-140D-4115-A539-0BBFC66FC4A0}.Release|Any CPU.ActiveCfg = Release|Any CPU
		{CA5D8388-140D-4115-A539-0BBFC66FC4A0}.Release|Any CPU.Build.0 = Release|Any CPU
	EndGlobalSection
EndGlobal
